
Microsoft Visual Studio Solution File, Format Version 11.00
# Visual Studio 2010
Project("{FAE04EC0-301F-11D3-BF4B-00C04F79EFBC}") = "Angel_8.0", "Angel_8.0.csproj", "{54B4B283-66CA-477E-AB74-382CEFB837E4}"
EndProject
Global
	GlobalSection(TeamFoundationVersionControl) = preSolution
		SccNumberOfProjects = 84
		SccEnterpriseProvider = {4CA58AB2-18FA-4F8D-95D4-32DDF27D184C}
		SccTeamFoundationServer = http://tfs.panopto.local:8080/tfs/defaultcollection
		SccLocalPath0 = .
		SccProjectUniqueName1 = Panopto\\Data\\DataLib\\DataLib.csproj
		SccProjectTopLevelParentUniqueName1 = PanoptoCurrent.sln
		SccProjectName1 = Panopto/Data/DataLib
		SccLocalPath1 = Panopto\\Data\\DataLib
		SccProjectUniqueName2 = Panopto\\Services\\DataServerService\\DataServerService.csproj
		SccProjectTopLevelParentUniqueName2 = PanoptoCurrent.sln
		SccProjectName2 = Panopto/Services/DataServerService
		SccLocalPath2 = Panopto\\Services\\DataServerService
		SccProjectUniqueName3 = Panopto\\Media\\MediaLib\\MediaLib.vcxproj
		SccProjectTopLevelParentUniqueName3 = PanoptoCurrent.sln
		SccProjectName3 = Panopto/Media/MediaLib
		SccLocalPath3 = Panopto\\Media\\MediaLib
		SccProjectUniqueName4 = Panopto\\Shared\\SharedLib\\SharedLib.csproj
		SccProjectTopLevelParentUniqueName4 = PanoptoCurrent.sln
		SccProjectName4 = Panopto/Shared/SharedLib
		SccLocalPath4 = Panopto\\Shared\\SharedLib
		SccProjectUniqueName5 = Panopto\\Applications\\Recorder\\Recorder.csproj
		SccProjectTopLevelParentUniqueName5 = PanoptoCurrent.sln
		SccProjectName5 = Panopto/Applications/Recorder
		SccLocalPath5 = Panopto\\Applications\\Recorder
		SccProjectUniqueName6 = Panopto\\Network\\NetworkLib\\NetworkLib.csproj
		SccProjectTopLevelParentUniqueName6 = PanoptoCurrent.sln
		SccProjectName6 = Panopto/Network/NetworkLib
		SccLocalPath6 = Panopto\\Network\\NetworkLib
		SccProjectUniqueName7 = Panopto\\Shared\\ServiceLib\\ServiceLib.csproj
		SccProjectTopLevelParentUniqueName7 = PanoptoCurrent.sln
		SccProjectName7 = Panopto/Shared/ServiceLib
		SccLocalPath7 = Panopto\\Shared\\ServiceLib
		SccProjectUniqueName8 = Panopto\\Services\\WCFLib\\WCFLib.csproj
		SccProjectTopLevelParentUniqueName8 = PanoptoCurrent.sln
		SccProjectName8 = Panopto/Services/WCFLib
		SccLocalPath8 = Panopto\\Services\\WCFLib
		SccProjectUniqueName9 = Panopto\\Services\\Encoder\\EncoderService.csproj
		SccProjectTopLevelParentUniqueName9 = PanoptoCurrent.sln
		SccProjectName9 = Panopto/Services/Encoder
		SccLocalPath9 = Panopto\\Services\\Encoder
		SccProjectUniqueName10 = Panopto\\Applications\\RecorderShared\\RecorderShared.csproj
		SccProjectTopLevelParentUniqueName10 = PanoptoCurrent.sln
		SccProjectName10 = Panopto/Applications/RecorderShared
		SccLocalPath10 = Panopto\\Applications\\RecorderShared
		SccProjectUniqueName11 = Panopto\\Data\\PodcastLib\\PodcastLib.csproj
		SccProjectTopLevelParentUniqueName11 = PanoptoCurrent.sln
		SccProjectName11 = Panopto/Data/PodcastLib
		SccLocalPath11 = Panopto\\Data\\PodcastLib
		SccProjectUniqueName12 = Panopto\\Services\\RemoteRecorder\\RemoteRecorder.csproj
		SccProjectTopLevelParentUniqueName12 = PanoptoCurrent.sln
		SccProjectName12 = Panopto/Services/RemoteRecorder
		SccLocalPath12 = Panopto\\Services\\RemoteRecorder
		SccProjectUniqueName13 = Panopto\\Shared\\BackendLib\\BackendLib.csproj
		SccProjectTopLevelParentUniqueName13 = PanoptoCurrent.sln
		SccProjectName13 = Panopto/Shared/BackendLib
		SccLocalPath13 = Panopto\\Shared\\BackendLib
		SccProjectUniqueName14 = Panopto\\Hosted\\HostedServices\\HostedServices.csproj
		SccProjectTopLevelParentUniqueName14 = PanoptoCurrent.sln
		SccProjectName14 = Panopto/Hosted/HostedServices
		SccLocalPath14 = Panopto\\Hosted\\HostedServices
		SccProjectUniqueName15 = Panopto\\Services\\BroadcastService\\BroadcastService.csproj
		SccProjectTopLevelParentUniqueName15 = PanoptoCurrent.sln
		SccProjectName15 = Panopto/Services/BroadcastService
		SccLocalPath15 = Panopto\\Services\\BroadcastService
		SccProjectUniqueName16 = Panopto\\Media\\MediaLib\\Filters\\Resize\\resize.vcxproj
		SccProjectTopLevelParentUniqueName16 = PanoptoCurrent.sln
		SccProjectName16 = Panopto/Media/MediaLib/Filters/Resize
		SccLocalPath16 = Panopto\\Media\\MediaLib\\Filters\\Resize
		SccProjectUniqueName17 = Panopto\\Services\\WebServerService\\WebServerService.csproj
		SccProjectTopLevelParentUniqueName17 = PanoptoCurrent.sln
		SccProjectName17 = Panopto/Services/WebServerService
		SccLocalPath17 = Panopto\\Services\\WebServerService
		SccProjectUniqueName18 = Panopto\\Export\\ExportLib\\ExportLib.csproj
		SccProjectTopLevelParentUniqueName18 = PanoptoCurrent.sln
		SccProjectName18 = Panopto/Export/ExportLib
		SccLocalPath18 = Panopto\\Export\\ExportLib
		SccProjectUniqueName19 = Panopto\\Applications\\SilverlightEditor\\Editor.csproj
		SccProjectTopLevelParentUniqueName19 = PanoptoCurrent.sln
		SccProjectName19 = Panopto/Applications/SilverlightEditor
		SccLocalPath19 = Panopto\\Applications\\SilverlightEditor
		SccProjectUniqueName20 = Panopto\\Applications\\Utilities\\BackendTool\\BackendTool.csproj
		SccProjectTopLevelParentUniqueName20 = PanoptoCurrent.sln
		SccProjectName20 = Panopto/Applications/Utilities/BackendTool
		SccLocalPath20 = Panopto\\Applications\\Utilities\\BackendTool
		SccProjectUniqueName21 = Panopto\\Hosted\\HostedIntegration\\HostedIntegration.csproj
		SccProjectTopLevelParentUniqueName21 = PanoptoCurrent.sln
		SccProjectName21 = Panopto/Hosted/HostedIntegration
		SccLocalPath21 = Panopto\\Hosted\\HostedIntegration
		SccProjectUniqueName22 = WebUI\\WebUI.csproj
		SccProjectTopLevelParentUniqueName22 = PanoptoCurrent.sln
		SccProjectName22 = WebUI
		SccLocalPath22 = WebUI
		SccProjectUniqueName23 = Panopto\\Services\\MetadataExtractor\\MetadataExtractor.csproj
		SccProjectTopLevelParentUniqueName23 = PanoptoCurrent.sln
		SccProjectName23 = Panopto/Services/MetadataExtractor
		SccLocalPath23 = Panopto\\Services\\MetadataExtractor
		SccProjectUniqueName24 = Deploy\\WebUIInstaller\\WebUIInstaller.wixproj
		SccProjectTopLevelParentUniqueName24 = PanoptoCurrent.sln
		SccProjectName24 = Deploy/WebUIInstaller
		SccLocalPath24 = Deploy\\WebUIInstaller
		SccProjectUniqueName25 = Deploy\\RecorderInstaller\\RecorderInstaller.wixproj
		SccProjectTopLevelParentUniqueName25 = PanoptoCurrent.sln
		SccProjectName25 = Deploy/RecorderInstaller
		SccLocalPath25 = Deploy\\RecorderInstaller
		SccProjectUniqueName26 = Deploy\\RemoteRecorderInstaller\\RemoteRecorderInstaller.wixproj
		SccProjectTopLevelParentUniqueName26 = PanoptoCurrent.sln
		SccProjectName26 = Deploy/RemoteRecorderInstaller
		SccLocalPath26 = Deploy\\RemoteRecorderInstaller
		SccProjectUniqueName27 = Deploy\\DataServerInstaller\\DataServerInstaller.wixproj
		SccProjectTopLevelParentUniqueName27 = PanoptoCurrent.sln
		SccProjectName27 = Deploy/DataServerInstaller
		SccLocalPath27 = Deploy\\DataServerInstaller
		SccProjectUniqueName28 = Panopto\\Applications\\Utilities\\GetMachineCode\\GetMachineCode.csproj
		SccProjectTopLevelParentUniqueName28 = PanoptoCurrent.sln
		SccProjectName28 = Panopto/Applications/Utilities/GetMachineCode
		SccLocalPath28 = Panopto\\Applications\\Utilities\\GetMachineCode
		SccProjectUniqueName29 = Panopto\\Hosted\\AmazonLib\\AmazonLib.csproj
		SccProjectTopLevelParentUniqueName29 = PanoptoCurrent.sln
		SccProjectName29 = Panopto/Hosted/AmazonLib
		SccLocalPath29 = Panopto\\Hosted\\AmazonLib
		SccProjectUniqueName30 = Panopto\\Shared\\StorageLib\\StorageLib.csproj
		SccProjectTopLevelParentUniqueName30 = PanoptoCurrent.sln
		SccProjectName30 = Panopto/shared/StorageLib
		SccLocalPath30 = Panopto\\shared\\StorageLib
		SccProjectUniqueName31 = Panopto\\Hosted\\CloudPlatform\\CloudPlatform.csproj
		SccProjectTopLevelParentUniqueName31 = PanoptoCurrent.sln
		SccProjectName31 = Panopto/Hosted/CloudPlatform
		SccLocalPath31 = Panopto\\Hosted\\CloudPlatform
		SccProjectUniqueName32 = Panopto\\Hosted\\HostedControl\\HostedControl.csproj
		SccProjectTopLevelParentUniqueName32 = PanoptoCurrent.sln
		SccProjectName32 = Panopto/Hosted/HostedControl
		SccLocalPath32 = Panopto\\Hosted\\HostedControl
		SccProjectUniqueName33 = Panopto\\Hosted\\LimelightLogConsumer\\LimeLightLogConsumer.csproj
		SccProjectTopLevelParentUniqueName33 = PanoptoCurrent.sln
		SccProjectName33 = Panopto/Hosted/LimelightLogConsumer
		SccLocalPath33 = Panopto\\Hosted\\LimelightLogConsumer
		SccProjectUniqueName34 = Panopto\\Data\\DataLibTest\\DataLibTest.csproj
		SccProjectTopLevelParentUniqueName34 = PanoptoCurrent.sln
		SccProjectName34 = Panopto/Data/DataLibTest
		SccLocalPath34 = Panopto\\Data\\DataLibTest
		SccProjectUniqueName35 = Panopto\\Media\\MediaDetector\\MediaDetector.csproj
		SccProjectTopLevelParentUniqueName35 = PanoptoCurrent.sln
		SccProjectName35 = Panopto/Media/MediaDetector
		SccLocalPath35 = Panopto\\Media\\MediaDetector
		SccProjectUniqueName36 = Panopto\\Shared\\IsoFileLib\\IsoFileLib.csproj
		SccProjectTopLevelParentUniqueName36 = PanoptoCurrent.sln
		SccProjectName36 = Panopto/Shared/IsoFileLib
		SccLocalPath36 = Panopto\\Shared\\IsoFileLib
		SccProjectUniqueName37 = Panopto\\Applications\\SilverlightVideoPlayer\\SilverlightVideoPlayer.csproj
		SccProjectTopLevelParentUniqueName37 = PanoptoCurrent.sln
		SccProjectName37 = Panopto/Applications/SilverlightVideoPlayer
		SccLocalPath37 = Panopto\\Applications\\SilverlightVideoPlayer
		SccProjectUniqueName38 = Panopto\\Hosted\\Legacy\\BillingDB\\BillingDB.csproj
		SccProjectTopLevelParentUniqueName38 = PanoptoCurrent.sln
		SccProjectName38 = Panopto/Hosted/Legacy/BillingDB
		SccLocalPath38 = Panopto\\Hosted\\Legacy\\BillingDB
		SccProjectUniqueName39 = Panopto\\Hosted\\Legacy\\BillingLib\\BillingLib.csproj
		SccProjectTopLevelParentUniqueName39 = PanoptoCurrent.sln
		SccProjectName39 = Panopto/Hosted/Legacy/BillingLib
		SccLocalPath39 = Panopto\\Hosted\\Legacy\\BillingLib
		SccProjectUniqueName40 = Panopto\\Hosted\\Legacy\\BillingService\\BillingService.csproj
		SccProjectTopLevelParentUniqueName40 = PanoptoCurrent.sln
		SccProjectName40 = Panopto/Hosted/Legacy/BillingService
		SccLocalPath40 = Panopto\\Hosted\\Legacy\\BillingService
		SccProjectUniqueName41 = Panopto\\Hosted\\Legacy\\HostedLib\\HostedLib.csproj
		SccProjectTopLevelParentUniqueName41 = PanoptoCurrent.sln
		SccProjectName41 = Panopto/Hosted/Legacy/HostedLib
		SccLocalPath41 = Panopto\\Hosted\\Legacy\\HostedLib
		SccProjectUniqueName42 = Panopto\\Hosted\\Legacy\\HostedWeb\\HostedWeb.csproj
		SccProjectTopLevelParentUniqueName42 = PanoptoCurrent.sln
		SccProjectName42 = Panopto/Hosted/Legacy/HostedWeb
		SccLocalPath42 = Panopto\\Hosted\\Legacy\\HostedWeb
		SccProjectUniqueName43 = Panopto\\Shared\\SilverlightSharedLib\\SilverlightSharedLib.csproj
		SccProjectTopLevelParentUniqueName43 = PanoptoCurrent.sln
		SccProjectName43 = Panopto/Shared/SilverlightSharedLib
		SccLocalPath43 = Panopto\\Shared\\SilverlightSharedLib
		SccProjectUniqueName44 = Panopto\\Applications\\UploadWidget\\UploadWidget.csproj
		SccProjectTopLevelParentUniqueName44 = PanoptoCurrent.sln
		SccProjectName44 = Panopto/Applications/UploadWidget
		SccLocalPath44 = Panopto\\Applications\\UploadWidget
		SccProjectUniqueName45 = Panopto\\External\\Angel\\PanoptoConnector\\Angel.csproj
		SccProjectTopLevelParentUniqueName45 = PanoptoCurrent.sln
		SccProjectName45 = Panopto/External/Angel/PanoptoConnector
		SccLocalPath45 = Panopto\\External\\Angel\\PanoptoConnector
		SccProjectUniqueName46 = Panopto\\External\\Angel\\PanoptoConnector_7.3\\Angel_7.3.csproj
		SccProjectTopLevelParentUniqueName46 = PanoptoCurrent.sln
		SccProjectName46 = Panopto/External/Angel/PanoptoConnector_7.3
		SccLocalPath46 = Panopto\\External\\Angel\\PanoptoConnector_7.3
		SccProjectUniqueName47 = Panopto\\Applications\\Utilities\\PanoptoLogger\\PanoptoLogger.csproj
		SccProjectTopLevelParentUniqueName47 = PanoptoCurrent.sln
		SccProjectName47 = Panopto/Applications/Utilities/PanoptoLogger
		SccLocalPath47 = Panopto\\Applications\\Utilities\\PanoptoLogger
		SccProjectUniqueName48 = Panopto\\Applications\\Utilities\\HostedBackendTool\\HostedBackendTool.csproj
		SccProjectTopLevelParentUniqueName48 = PanoptoCurrent.sln
		SccProjectName48 = Panopto/Applications/Utilities/HostedBackendTool
		SccLocalPath48 = Panopto\\Applications\\Utilities\\HostedBackendTool
		SccProjectUniqueName49 = Panopto\\Hosted\\HostedDbMonitor\\HostedDbMonitor.csproj
		SccProjectTopLevelParentUniqueName49 = PanoptoCurrent.sln
		SccProjectName49 = Panopto/Hosted/HostedDbMonitor
		SccLocalPath49 = Panopto\\Hosted\\HostedDbMonitor
		SccProjectUniqueName50 = Panopto\\Applications\\Utilities\\RecordingRepairer\\RecordingRepairer.csproj
		SccProjectTopLevelParentUniqueName50 = PanoptoCurrent.sln
		SccProjectName50 = Panopto/Applications/Utilities/RecordingRepairer
		SccLocalPath50 = Panopto\\Applications\\Utilities\\RecordingRepairer
		SccProjectUniqueName51 = RecorderTests\\RecorderTests.csproj
		SccProjectTopLevelParentUniqueName51 = PanoptoCurrent.sln
		SccProjectName51 = RecorderTests
		SccLocalPath51 = RecorderTests
		SccProjectUniqueName52 = external_libraries\\DirectShow\\BaseClasses\\baseclasses.vcxproj
		SccProjectTopLevelParentUniqueName52 = PanoptoCurrent.sln
		SccProjectName52 = external_libraries/DirectShow/BaseClasses
		SccLocalPath52 = external_libraries\\DirectShow\\BaseClasses
		SccProjectUniqueName53 = Panopto\\Media\\Transcoder\\lib\\TranscoderLib.vcxproj
		SccProjectTopLevelParentUniqueName53 = PanoptoCurrent.sln
		SccProjectName53 = Panopto/Media/Transcoder/lib
		SccLocalPath53 = Panopto\\Media\\Transcoder\\lib
		SccProjectUniqueName54 = Panopto\\Media\\Transcoder\\exe\\TranscoderTool.vcxproj
		SccProjectTopLevelParentUniqueName54 = PanoptoCurrent.sln
		SccProjectName54 = Panopto/Media/Transcoder/exe
		SccLocalPath54 = Panopto\\Media\\Transcoder\\exe
		SccProjectUniqueName55 = Panopto\\Data\\PublicAPIWebServiceTest\\PublicAPIWebServiceTest.csproj
		SccProjectTopLevelParentUniqueName55 = PanoptoCurrent.sln
		SccProjectName55 = Panopto/Data/PublicAPIWebServiceTest
		SccLocalPath55 = Panopto\\Data\\PublicAPIWebServiceTest
		SccProjectUniqueName56 = SharedLibTest\\SharedLibTest.csproj
		SccProjectTopLevelParentUniqueName56 = PanoptoCurrent.sln
		SccProjectName56 = SharedLibTest
		SccLocalPath56 = SharedLibTest
		SccProjectUniqueName57 = Panopto\\Applications\\Utilities\\SSFChunker\\SSFChunker.csproj
		SccProjectTopLevelParentUniqueName57 = PanoptoCurrent.sln
		SccProjectName57 = Panopto/Applications/Utilities/SSFChunker
		SccLocalPath57 = Panopto\\Applications\\Utilities\\SSFChunker
		SccProjectUniqueName58 = Panopto\\Applications\\Utilities\\SSFEncodeTester\\SSFEncodeTester.csproj
		SccProjectTopLevelParentUniqueName58 = PanoptoCurrent.sln
		SccProjectName58 = Panopto/Applications/Utilities/SSFEncodeTester
		SccLocalPath58 = Panopto\\Applications\\Utilities\\SSFEncodeTester
		SccProjectUniqueName59 = Panopto\\External\\Angel\\PanoptoConnector_8.0\\Angel_8.0.csproj
		SccProjectTopLevelParentUniqueName59 = PanoptoCurrent.sln
		SccProjectName59 = Panopto/External/Angel/PanoptoConnector_8.0
		SccLocalPath59 = Panopto\\External\\Angel\\PanoptoConnector_8.0
		SccProjectUniqueName60 = PanoptoTest\\PanoptoTest.csproj
		SccProjectTopLevelParentUniqueName60 = PanoptoCurrent.sln
		SccProjectName60 = PanoptoTest
		SccLocalPath60 = PanoptoTest
		SccProjectUniqueName61 = Panopto\\Applications\\Utilities\\PseudoLocTool\\PseudoLocTool.csproj
		SccProjectTopLevelParentUniqueName61 = PanoptoCurrent.sln
		SccProjectName61 = Panopto/Applications/Utilities/PseudoLocTool
		SccLocalPath61 = Panopto\\Applications\\Utilities\\PseudoLocTool
		SccProjectUniqueName62 = Panopto\\Services\\RemoteRecorderTests\\RemoteRecorderTests.csproj
		SccProjectTopLevelParentUniqueName62 = PanoptoCurrent.sln
		SccProjectName62 = Panopto/Services/RemoteRecorderTests
		SccLocalPath62 = Panopto\\Services\\RemoteRecorderTests
		SccProjectUniqueName63 = Panopto\\Services\\EncoderTests\\EncoderTests\\EncoderTests.csproj
		SccProjectTopLevelParentUniqueName63 = PanoptoCurrent.sln
		SccProjectName63 = Panopto/Services/EncoderTests/EncoderTests
		SccLocalPath63 = Panopto\\Services\\EncoderTests\\EncoderTests
		SccProjectUniqueName64 = Panopto\\Services\\TranscriptionService\\TranscriptionService.csproj
		SccProjectTopLevelParentUniqueName64 = PanoptoCurrent.sln
		SccProjectName64 = Panopto/Services/TranscriptionService
		SccLocalPath64 = Panopto\\Services\\TranscriptionService
		SccProjectUniqueName65 = Panopto\\Services\\TranscriptionServiceTests\\TranscriptionServiceTests.csproj
		SccProjectTopLevelParentUniqueName65 = PanoptoCurrent.sln
		SccProjectName65 = Panopto/Services/TranscriptionServiceTests
		SccLocalPath65 = Panopto\\Services\\TranscriptionServiceTests
		SccProjectUniqueName66 = Panopto\\Shared\\QueueLib\\QueueLib.csproj
		SccProjectTopLevelParentUniqueName66 = PanoptoCurrent.sln
		SccProjectName66 = Panopto/Shared/QueueLib
		SccLocalPath66 = Panopto\\Shared\\QueueLib
		SccProjectUniqueName67 = Panopto\\Shared\\PoolLib\\PoolLib.csproj
		SccProjectTopLevelParentUniqueName67 = PanoptoCurrent.sln
		SccProjectName67 = Panopto/Shared/PoolLib
		SccLocalPath67 = Panopto\\Shared\\PoolLib
		SccProjectUniqueName68 = Panopto\\Shared\\QueueLibTest\\QueueLibTest.csproj
		SccProjectTopLevelParentUniqueName68 = PanoptoCurrent.sln
		SccProjectName68 = Panopto/Shared/QueueLibTest
		SccLocalPath68 = Panopto\\Shared\\QueueLibTest
		SccProjectUniqueName69 = Panopto\\Shared\\PoolLibTest\\PoolLibTest.csproj
		SccProjectTopLevelParentUniqueName69 = PanoptoCurrent.sln
		SccProjectName69 = Panopto/Shared/PoolLibTest
		SccLocalPath69 = Panopto\\Shared\\PoolLibTest
		SccProjectUniqueName70 = Panopto\\Shared\\PoolLibTestWorker\\PoolLibTestWorker.csproj
		SccProjectTopLevelParentUniqueName70 = PanoptoCurrent.sln
		SccProjectName70 = Panopto/Shared/PoolLibTestWorker
		SccLocalPath70 = Panopto\\Shared\\PoolLibTestWorker
		SccProjectUniqueName71 = Panopto\\Applications\\RecordingRepairerTests\\RecordingRepairerTests.csproj
		SccProjectTopLevelParentUniqueName71 = PanoptoCurrent.sln
		SccProjectName71 = Panopto/Applications/RecordingRepairerTests
		SccLocalPath71 = Panopto\\Applications\\RecordingRepairerTests
		SccProjectUniqueName72 = Panopto\\Hosted\\SalesForceLib\\SalesForceLib.csproj
		SccProjectTopLevelParentUniqueName72 = PanoptoCurrent.sln
		SccProjectName72 = Panopto/Hosted/SalesForceLib
		SccLocalPath72 = Panopto\\Hosted\\SalesForceLib
		SccProjectUniqueName73 = Panopto\\Hosted\\HostedService\\HostedService.csproj
		SccProjectTopLevelParentUniqueName73 = PanoptoCurrent.sln
		SccProjectName73 = Panopto/Hosted/HostedService
		SccLocalPath73 = Panopto\\Hosted\\HostedService
		SccProjectUniqueName74 = Panopto\\Services\\QueueMaster\\QueueMaster.csproj
		SccProjectTopLevelParentUniqueName74 = PanoptoCurrent.sln
		SccProjectName74 = Panopto/Services/QueueMaster
		SccLocalPath74 = Panopto\\Services\\QueueMaster
		SccProjectUniqueName75 = Panopto\\Services\\PoolManagerService\\PoolManagerService.csproj
		SccProjectTopLevelParentUniqueName75 = PanoptoCurrent.sln
		SccProjectName75 = Panopto/Services/PoolManagerService
		SccLocalPath75 = Panopto\\Services\\PoolManagerService
		SccProjectUniqueName76 = Panopto\\Hosted\\HostedLogSearcher\\HostedLogSearcher.csproj
		SccProjectTopLevelParentUniqueName76 = PanoptoCurrent.sln
		SccProjectName76 = Panopto/Hosted/HostedLogSearcher
		SccLocalPath76 = Panopto\\Hosted\\HostedLogSearcher
		SccProjectUniqueName77 = Panopto\\Services\\SearchIndexingService\\SearchIndexingService.csproj
		SccProjectTopLevelParentUniqueName77 = PanoptoCurrent.sln
		SccProjectName77 = Panopto/Services/SearchIndexingService
		SccLocalPath77 = Panopto\\Services\\SearchIndexingService
		SccProjectUniqueName78 = Panopto\\Network\\NetworkLibTest\\NetworkLibTest.csproj
		SccProjectTopLevelParentUniqueName78 = PanoptoCurrent.sln
		SccProjectName78 = Panopto/Network/NetworkLibTest
		SccLocalPath78 = Panopto\\Network\\NetworkLibTest
		SccProjectUniqueName79 = external_libraries\\GDCL\\GMFBridge\\GMFBridge.vcxproj
		SccProjectTopLevelParentUniqueName79 = PanoptoCurrent.sln
		SccProjectName79 = external_libraries/GDCL/GMFBridge
		SccLocalPath79 = external_libraries\\GDCL\\GMFBridge
		SccProjectUniqueName80 = Panopto\\Applications\\Utilities\\MediaDataDumper\\MediaDataDumper.csproj
		SccProjectTopLevelParentUniqueName80 = PanoptoCurrent.sln
		SccProjectName80 = Panopto/Applications/Utilities/MediaDataDumper
		SccLocalPath80 = Panopto\\Applications\\Utilities\\MediaDataDumper
		SccProjectUniqueName81 = external_libraries\\WMVMux\\WMVMux.vcxproj
		SccProjectTopLevelParentUniqueName81 = PanoptoCurrent.sln
		SccProjectName81 = external_libraries/WMVMux
		SccLocalPath81 = external_libraries\\WMVMux
		SccProjectUniqueName82 = Panopto\\Shared\\ThumbnailerLib\\ThumbnailerLib.csproj
		SccProjectTopLevelParentUniqueName82 = PanoptoCurrent.sln
		SccProjectName82 = Panopto/Shared/ThumbnailerLib
		SccLocalPath82 = Panopto\\Shared\\ThumbnailerLib
		SccProjectUniqueName83 = Panopto\\Shared\\ThumbnailerLib\\ThumbnailerLibTest\\ThumbnailerLibTest.csproj
		SccProjectTopLevelParentUniqueName83 = PanoptoCurrent.sln
		SccProjectName83 = Panopto/Shared/ThumbnailerLib/ThumbnailerLibTest
		SccLocalPath83 = Panopto\\Shared\\ThumbnailerLib\\ThumbnailerLibTest
	EndGlobalSection
	GlobalSection(SolutionConfigurationPlatforms) = preSolution
		Debug|Any CPU = Debug|Any CPU
		Release|Any CPU = Release|Any CPU
	EndGlobalSection
	GlobalSection(ProjectConfigurationPlatforms) = postSolution
		{54B4B283-66CA-477E-AB74-382CEFB837E4}.Debug|Any CPU.ActiveCfg = Debug|Any CPU
		{54B4B283-66CA-477E-AB74-382CEFB837E4}.Debug|Any CPU.Build.0 = Debug|Any CPU
		{54B4B283-66CA-477E-AB74-382CEFB837E4}.Release|Any CPU.ActiveCfg = Release|Any CPU
		{54B4B283-66CA-477E-AB74-382CEFB837E4}.Release|Any CPU.Build.0 = Release|Any CPU
	EndGlobalSection
	GlobalSection(SolutionProperties) = preSolution
		HideSolutionNode = FALSE
	EndGlobalSection
